// !$*UTF8*$!
{
	archiveVersion = 1;
	classes = {
	};
	objectVersion = 56;
	objects = {

/* Begin PBXBuildFile section */
		C78571F22AAFBEE9001591D8 /* AppDelegate.swift in Sources */ = {isa = PBXBuildFile; fileRef = C78571F12AAFBEE9001591D8 /* AppDelegate.swift */; };
		C78571F42AAFBEE9001591D8 /* SceneDelegate.swift in Sources */ = {isa = PBXBuildFile; fileRef = C78571F32AAFBEE9001591D8 /* SceneDelegate.swift */; };
		C78571F62AAFBEE9001591D8 /* ViewController.swift in Sources */ = {isa = PBXBuildFile; fileRef = C78571F52AAFBEE9001591D8 /* ViewController.swift */; };
		C78571FC2AAFBEE9001591D8 /* pokedex.xcdatamodeld in Sources */ = {isa = PBXBuildFile; fileRef = C78571FA2AAFBEE9001591D8 /* pokedex.xcdatamodeld */; };
		C78571FE2AAFBEEA001591D8 /* Assets.xcassets in Resources */ = {isa = PBXBuildFile; fileRef = C78571FD2AAFBEEA001591D8 /* Assets.xcassets */; };
		C78572012AAFBEEA001591D8 /* LaunchScreen.storyboard in Resources */ = {isa = PBXBuildFile; fileRef = C78571FF2AAFBEEA001591D8 /* LaunchScreen.storyboard */; };
		C785720C2AAFBEEA001591D8 /* pokedexTests.swift in Sources */ = {isa = PBXBuildFile; fileRef = C785720B2AAFBEEA001591D8 /* pokedexTests.swift */; };
		C78572162AAFBEEA001591D8 /* pokedexUITests.swift in Sources */ = {isa = PBXBuildFile; fileRef = C78572152AAFBEEA001591D8 /* pokedexUITests.swift */; };
		C78572182AAFBEEA001591D8 /* pokedexUITestsLaunchTests.swift in Sources */ = {isa = PBXBuildFile; fileRef = C78572172AAFBEEA001591D8 /* pokedexUITestsLaunchTests.swift */; };
		C78572272AAFC788001591D8 /* PokedexViewController.swift in Sources */ = {isa = PBXBuildFile; fileRef = C78572262AAFC788001591D8 /* PokedexViewController.swift */; };
		C785722A2AAFE092001591D8 /* PokemonsModel.swift in Sources */ = {isa = PBXBuildFile; fileRef = C78572292AAFE092001591D8 /* PokemonsModel.swift */; };
		C785722D2AAFE1A0001591D8 /* ServicesAPI.swift in Sources */ = {isa = PBXBuildFile; fileRef = C785722C2AAFE1A0001591D8 /* ServicesAPI.swift */; };
		C785722F2AAFE1B7001591D8 /* ApiCall.swift in Sources */ = {isa = PBXBuildFile; fileRef = C785722E2AAFE1B7001591D8 /* ApiCall.swift */; };
		C78572312AAFED33001591D8 /* PokedexPresenter.swift in Sources */ = {isa = PBXBuildFile; fileRef = C78572302AAFED33001591D8 /* PokedexPresenter.swift */; };
		C78572332AAFED48001591D8 /* PokedexInteractor.swift in Sources */ = {isa = PBXBuildFile; fileRef = C78572322AAFED48001591D8 /* PokedexInteractor.swift */; };
		C78572352AAFED59001591D8 /* PokedexProtocols.swift in Sources */ = {isa = PBXBuildFile; fileRef = C78572342AAFED59001591D8 /* PokedexProtocols.swift */; };
		C78572372AAFED85001591D8 /* PokedexRouter.swift in Sources */ = {isa = PBXBuildFile; fileRef = C78572362AAFED85001591D8 /* PokedexRouter.swift */; };
		C78572392AB001A2001591D8 /* PokemonDetailModel.swift in Sources */ = {isa = PBXBuildFile; fileRef = C78572382AB001A2001591D8 /* PokemonDetailModel.swift */; };
		C785723C2AB0105B001591D8 /* UIImage+Extension.swift in Sources */ = {isa = PBXBuildFile; fileRef = C785723B2AB0105B001591D8 /* UIImage+Extension.swift */; };
/* End PBXBuildFile section */

/* Begin PBXContainerItemProxy section */
		C78572082AAFBEEA001591D8 /* PBXContainerItemProxy */ = {
			isa = PBXContainerItemProxy;
			containerPortal = C78571E62AAFBEE9001591D8 /* Project object */;
			proxyType = 1;
			remoteGlobalIDString = C78571ED2AAFBEE9001591D8;
			remoteInfo = pokedex;
		};
		C78572122AAFBEEA001591D8 /* PBXContainerItemProxy */ = {
			isa = PBXContainerItemProxy;
			containerPortal = C78571E62AAFBEE9001591D8 /* Project object */;
			proxyType = 1;
			remoteGlobalIDString = C78571ED2AAFBEE9001591D8;
			remoteInfo = pokedex;
		};
/* End PBXContainerItemProxy section */

/* Begin PBXFileReference section */
		C78571EE2AAFBEE9001591D8 /* pokedex.app */ = {isa = PBXFileReference; explicitFileType = wrapper.application; includeInIndex = 0; path = pokedex.app; sourceTree = BUILT_PRODUCTS_DIR; };
		C78571F12AAFBEE9001591D8 /* AppDelegate.swift */ = {isa = PBXFileReference; lastKnownFileType = sourcecode.swift; path = AppDelegate.swift; sourceTree = "<group>"; };
		C78571F32AAFBEE9001591D8 /* SceneDelegate.swift */ = {isa = PBXFileReference; lastKnownFileType = sourcecode.swift; path = SceneDelegate.swift; sourceTree = "<group>"; };
		C78571F52AAFBEE9001591D8 /* ViewController.swift */ = {isa = PBXFileReference; lastKnownFileType = sourcecode.swift; path = ViewController.swift; sourceTree = "<group>"; };
		C78571FB2AAFBEE9001591D8 /* pokedex.xcdatamodel */ = {isa = PBXFileReference; lastKnownFileType = wrapper.xcdatamodel; path = pokedex.xcdatamodel; sourceTree = "<group>"; };
		C78571FD2AAFBEEA001591D8 /* Assets.xcassets */ = {isa = PBXFileReference; lastKnownFileType = folder.assetcatalog; path = Assets.xcassets; sourceTree = "<group>"; };
		C78572002AAFBEEA001591D8 /* Base */ = {isa = PBXFileReference; lastKnownFileType = file.storyboard; name = Base; path = Base.lproj/LaunchScreen.storyboard; sourceTree = "<group>"; };
		C78572022AAFBEEA001591D8 /* Info.plist */ = {isa = PBXFileReference; lastKnownFileType = text.plist.xml; path = Info.plist; sourceTree = "<group>"; };
		C78572072AAFBEEA001591D8 /* pokedexTests.xctest */ = {isa = PBXFileReference; explicitFileType = wrapper.cfbundle; includeInIndex = 0; path = pokedexTests.xctest; sourceTree = BUILT_PRODUCTS_DIR; };
		C785720B2AAFBEEA001591D8 /* pokedexTests.swift */ = {isa = PBXFileReference; lastKnownFileType = sourcecode.swift; path = pokedexTests.swift; sourceTree = "<group>"; };
		C78572112AAFBEEA001591D8 /* pokedexUITests.xctest */ = {isa = PBXFileReference; explicitFileType = wrapper.cfbundle; includeInIndex = 0; path = pokedexUITests.xctest; sourceTree = BUILT_PRODUCTS_DIR; };
		C78572152AAFBEEA001591D8 /* pokedexUITests.swift */ = {isa = PBXFileReference; lastKnownFileType = sourcecode.swift; path = pokedexUITests.swift; sourceTree = "<group>"; };
		C78572172AAFBEEA001591D8 /* pokedexUITestsLaunchTests.swift */ = {isa = PBXFileReference; lastKnownFileType = sourcecode.swift; path = pokedexUITestsLaunchTests.swift; sourceTree = "<group>"; };
		C78572262AAFC788001591D8 /* PokedexViewController.swift */ = {isa = PBXFileReference; lastKnownFileType = sourcecode.swift; path = PokedexViewController.swift; sourceTree = "<group>"; };
		C78572292AAFE092001591D8 /* PokemonsModel.swift */ = {isa = PBXFileReference; lastKnownFileType = sourcecode.swift; path = PokemonsModel.swift; sourceTree = "<group>"; };
		C785722C2AAFE1A0001591D8 /* ServicesAPI.swift */ = {isa = PBXFileReference; lastKnownFileType = sourcecode.swift; path = ServicesAPI.swift; sourceTree = "<group>"; };
		C785722E2AAFE1B7001591D8 /* ApiCall.swift */ = {isa = PBXFileReference; lastKnownFileType = sourcecode.swift; path = ApiCall.swift; sourceTree = "<group>"; };
		C78572302AAFED33001591D8 /* PokedexPresenter.swift */ = {isa = PBXFileReference; lastKnownFileType = sourcecode.swift; path = PokedexPresenter.swift; sourceTree = "<group>"; };
		C78572322AAFED48001591D8 /* PokedexInteractor.swift */ = {isa = PBXFileReference; lastKnownFileType = sourcecode.swift; path = PokedexInteractor.swift; sourceTree = "<group>"; };
		C78572342AAFED59001591D8 /* PokedexProtocols.swift */ = {isa = PBXFileReference; lastKnownFileType = sourcecode.swift; path = PokedexProtocols.swift; sourceTree = "<group>"; };
		C78572362AAFED85001591D8 /* PokedexRouter.swift */ = {isa = PBXFileReference; lastKnownFileType = sourcecode.swift; path = PokedexRouter.swift; sourceTree = "<group>"; };
		C78572382AB001A2001591D8 /* PokemonDetailModel.swift */ = {isa = PBXFileReference; lastKnownFileType = sourcecode.swift; path = PokemonDetailModel.swift; sourceTree = "<group>"; };
		C785723B2AB0105B001591D8 /* UIImage+Extension.swift */ = {isa = PBXFileReference; lastKnownFileType = sourcecode.swift; path = "UIImage+Extension.swift"; sourceTree = "<group>"; };
/* End PBXFileReference section */

/* Begin PBXFrameworksBuildPhase section */
		C78571EB2AAFBEE9001591D8 /* Frameworks */ = {
			isa = PBXFrameworksBuildPhase;
			buildActionMask = 2147483647;
			files = (
			);
			runOnlyForDeploymentPostprocessing = 0;
		};
		C78572042AAFBEEA001591D8 /* Frameworks */ = {
			isa = PBXFrameworksBuildPhase;
			buildActionMask = 2147483647;
			files = (
			);
			runOnlyForDeploymentPostprocessing = 0;
		};
		C785720E2AAFBEEA001591D8 /* Frameworks */ = {
			isa = PBXFrameworksBuildPhase;
			buildActionMask = 2147483647;
			files = (
			);
			runOnlyForDeploymentPostprocessing = 0;
		};
/* End PBXFrameworksBuildPhase section */

/* Begin PBXGroup section */
		C78571E52AAFBEE9001591D8 = {
			isa = PBXGroup;
			children = (
				C78571F02AAFBEE9001591D8 /* pokedex */,
				C785720A2AAFBEEA001591D8 /* pokedexTests */,
				C78572142AAFBEEA001591D8 /* pokedexUITests */,
				C78571EF2AAFBEE9001591D8 /* Products */,
			);
			sourceTree = "<group>";
		};
		C78571EF2AAFBEE9001591D8 /* Products */ = {
			isa = PBXGroup;
			children = (
				C78571EE2AAFBEE9001591D8 /* pokedex.app */,
				C78572072AAFBEEA001591D8 /* pokedexTests.xctest */,
				C78572112AAFBEEA001591D8 /* pokedexUITests.xctest */,
			);
			name = Products;
			sourceTree = "<group>";
		};
		C78571F02AAFBEE9001591D8 /* pokedex */ = {
			isa = PBXGroup;
			children = (
				C785723A2AB0102A001591D8 /* Utils */,
				C785722B2AAFE17E001591D8 /* API */,
				C78572282AAFE074001591D8 /* Models */,
				C78572242AAFC72B001591D8 /* Modules */,
				C78571F12AAFBEE9001591D8 /* AppDelegate.swift */,
				C78571F32AAFBEE9001591D8 /* SceneDelegate.swift */,
				C78571F52AAFBEE9001591D8 /* ViewController.swift */,
				C78571FD2AAFBEEA001591D8 /* Assets.xcassets */,
				C78571FF2AAFBEEA001591D8 /* LaunchScreen.storyboard */,
				C78572022AAFBEEA001591D8 /* Info.plist */,
				C78571FA2AAFBEE9001591D8 /* pokedex.xcdatamodeld */,
			);
			path = pokedex;
			sourceTree = "<group>";
		};
		C785720A2AAFBEEA001591D8 /* pokedexTests */ = {
			isa = PBXGroup;
			children = (
				C785720B2AAFBEEA001591D8 /* pokedexTests.swift */,
			);
			path = pokedexTests;
			sourceTree = "<group>";
		};
		C78572142AAFBEEA001591D8 /* pokedexUITests */ = {
			isa = PBXGroup;
			children = (
				C78572152AAFBEEA001591D8 /* pokedexUITests.swift */,
				C78572172AAFBEEA001591D8 /* pokedexUITestsLaunchTests.swift */,
			);
			path = pokedexUITests;
			sourceTree = "<group>";
		};
		C78572242AAFC72B001591D8 /* Modules */ = {
			isa = PBXGroup;
			children = (
				C78572252AAFC73D001591D8 /* pokedex */,
			);
			path = Modules;
			sourceTree = "<group>";
		};
		C78572252AAFC73D001591D8 /* pokedex */ = {
			isa = PBXGroup;
			children = (
				C78572262AAFC788001591D8 /* PokedexViewController.swift */,
				C78572322AAFED48001591D8 /* PokedexInteractor.swift */,
				C78572302AAFED33001591D8 /* PokedexPresenter.swift */,
				C78572342AAFED59001591D8 /* PokedexProtocols.swift */,
				C78572362AAFED85001591D8 /* PokedexRouter.swift */,
			);
			path = pokedex;
			sourceTree = "<group>";
		};
		C78572282AAFE074001591D8 /* Models */ = {
			isa = PBXGroup;
			children = (
				C78572292AAFE092001591D8 /* PokemonsModel.swift */,
				C78572382AB001A2001591D8 /* PokemonDetailModel.swift */,
			);
			path = Models;
			sourceTree = "<group>";
		};
		C785722B2AAFE17E001591D8 /* API */ = {
			isa = PBXGroup;
			children = (
				C785722C2AAFE1A0001591D8 /* ServicesAPI.swift */,
				C785722E2AAFE1B7001591D8 /* ApiCall.swift */,
			);
			path = API;
			sourceTree = "<group>";
		};
		C785723A2AB0102A001591D8 /* Utils */ = {
			isa = PBXGroup;
			children = (
				C785723B2AB0105B001591D8 /* UIImage+Extension.swift */,
			);
			path = Utils;
			sourceTree = "<group>";
		};
/* End PBXGroup section */

/* Begin PBXNativeTarget section */
		C78571ED2AAFBEE9001591D8 /* pokedex */ = {
			isa = PBXNativeTarget;
			buildConfigurationList = C785721B2AAFBEEA001591D8 /* Build configuration list for PBXNativeTarget "pokedex" */;
			buildPhases = (
				C78571EA2AAFBEE9001591D8 /* Sources */,
				C78571EB2AAFBEE9001591D8 /* Frameworks */,
				C78571EC2AAFBEE9001591D8 /* Resources */,
			);
			buildRules = (
			);
			dependencies = (
			);
			name = pokedex;
			productName = pokedex;
			productReference = C78571EE2AAFBEE9001591D8 /* pokedex.app */;
			productType = "com.apple.product-type.application";
		};
		C78572062AAFBEEA001591D8 /* pokedexTests */ = {
			isa = PBXNativeTarget;
			buildConfigurationList = C785721E2AAFBEEA001591D8 /* Build configuration list for PBXNativeTarget "pokedexTests" */;
			buildPhases = (
				C78572032AAFBEEA001591D8 /* Sources */,
				C78572042AAFBEEA001591D8 /* Frameworks */,
				C78572052AAFBEEA001591D8 /* Resources */,
			);
			buildRules = (
			);
			dependencies = (
				C78572092AAFBEEA001591D8 /* PBXTargetDependency */,
			);
			name = pokedexTests;
			productName = pokedexTests;
			productReference = C78572072AAFBEEA001591D8 /* pokedexTests.xctest */;
			productType = "com.apple.product-type.bundle.unit-test";
		};
		C78572102AAFBEEA001591D8 /* pokedexUITests */ = {
			isa = PBXNativeTarget;
			buildConfigurationList = C78572212AAFBEEA001591D8 /* Build configuration list for PBXNativeTarget "pokedexUITests" */;
			buildPhases = (
				C785720D2AAFBEEA001591D8 /* Sources */,
				C785720E2AAFBEEA001591D8 /* Frameworks */,
				C785720F2AAFBEEA001591D8 /* Resources */,
			);
			buildRules = (
			);
			dependencies = (
				C78572132AAFBEEA001591D8 /* PBXTargetDependency */,
			);
			name = pokedexUITests;
			productName = pokedexUITests;
			productReference = C78572112AAFBEEA001591D8 /* pokedexUITests.xctest */;
			productType = "com.apple.product-type.bundle.ui-testing";
		};
/* End PBXNativeTarget section */

/* Begin PBXProject section */
		C78571E62AAFBEE9001591D8 /* Project object */ = {
			isa = PBXProject;
			attributes = {
				BuildIndependentTargetsInParallel = 1;
				LastSwiftUpdateCheck = 1430;
				LastUpgradeCheck = 1430;
				TargetAttributes = {
					C78571ED2AAFBEE9001591D8 = {
						CreatedOnToolsVersion = 14.3;
					};
					C78572062AAFBEEA001591D8 = {
						CreatedOnToolsVersion = 14.3;
						TestTargetID = C78571ED2AAFBEE9001591D8;
					};
					C78572102AAFBEEA001591D8 = {
						CreatedOnToolsVersion = 14.3;
						TestTargetID = C78571ED2AAFBEE9001591D8;
					};
				};
			};
			buildConfigurationList = C78571E92AAFBEE9001591D8 /* Build configuration list for PBXProject "pokedex" */;
			compatibilityVersion = "Xcode 14.0";
			developmentRegion = en;
			hasScannedForEncodings = 0;
			knownRegions = (
				en,
				Base,
			);
			mainGroup = C78571E52AAFBEE9001591D8;
			productRefGroup = C78571EF2AAFBEE9001591D8 /* Products */;
			projectDirPath = "";
			projectRoot = "";
			targets = (
				C78571ED2AAFBEE9001591D8 /* pokedex */,
				C78572062AAFBEEA001591D8 /* pokedexTests */,
				C78572102AAFBEEA001591D8 /* pokedexUITests */,
			);
		};
/* End PBXProject section */

/* Begin PBXResourcesBuildPhase section */
		C78571EC2AAFBEE9001591D8 /* Resources */ = {
			isa = PBXResourcesBuildPhase;
			buildActionMask = 2147483647;
			files = (
				C78572012AAFBEEA001591D8 /* LaunchScreen.storyboard in Resources */,
				C78571FE2AAFBEEA001591D8 /* Assets.xcassets in Resources */,
			);
			runOnlyForDeploymentPostprocessing = 0;
		};
		C78572052AAFBEEA001591D8 /* Resources */ = {
			isa = PBXResourcesBuildPhase;
			buildActionMask = 2147483647;
			files = (
			);
			runOnlyForDeploymentPostprocessing = 0;
		};
		C785720F2AAFBEEA001591D8 /* Resources */ = {
			isa = PBXResourcesBuildPhase;
			buildActionMask = 2147483647;
			files = (
			);
			runOnlyForDeploymentPostprocessing = 0;
		};
/* End PBXResourcesBuildPhase section */

/* Begin PBXSourcesBuildPhase section */
		C78571EA2AAFBEE9001591D8 /* Sources */ = {
			isa = PBXSourcesBuildPhase;
			buildActionMask = 2147483647;
			files = (
				C78571FC2AAFBEE9001591D8 /* pokedex.xcdatamodeld in Sources */,
				C785723C2AB0105B001591D8 /* UIImage+Extension.swift in Sources */,
				C785722A2AAFE092001591D8 /* PokemonsModel.swift in Sources */,
				C78571F62AAFBEE9001591D8 /* ViewController.swift in Sources */,
				C78572312AAFED33001591D8 /* PokedexPresenter.swift in Sources */,
				C78572392AB001A2001591D8 /* PokemonDetailModel.swift in Sources */,
				C785722D2AAFE1A0001591D8 /* ServicesAPI.swift in Sources */,
				C78572272AAFC788001591D8 /* PokedexViewController.swift in Sources */,
				C78571F22AAFBEE9001591D8 /* AppDelegate.swift in Sources */,
				C785722F2AAFE1B7001591D8 /* ApiCall.swift in Sources */,
				C78571F42AAFBEE9001591D8 /* SceneDelegate.swift in Sources */,
				C78572352AAFED59001591D8 /* PokedexProtocols.swift in Sources */,
				C78572332AAFED48001591D8 /* PokedexInteractor.swift in Sources */,
				C78572372AAFED85001591D8 /* PokedexRouter.swift in Sources */,
			);
			runOnlyForDeploymentPostprocessing = 0;
		};
		C78572032AAFBEEA001591D8 /* Sources */ = {
			isa = PBXSourcesBuildPhase;
			buildActionMask = 2147483647;
			files = (
				C785720C2AAFBEEA001591D8 /* pokedexTests.swift in Sources */,
			);
			runOnlyForDeploymentPostprocessing = 0;
		};
		C785720D2AAFBEEA001591D8 /* Sources */ = {
			isa = PBXSourcesBuildPhase;
			buildActionMask = 2147483647;
			files = (
				C78572162AAFBEEA001591D8 /* pokedexUITests.swift in Sources */,
				C78572182AAFBEEA001591D8 /* pokedexUITestsLaunchTests.swift in Sources */,
			);
			runOnlyForDeploymentPostprocessing = 0;
		};
/* End PBXSourcesBuildPhase section */

/* Begin PBXTargetDependency section */
		C78572092AAFBEEA001591D8 /* PBXTargetDependency */ = {
			isa = PBXTargetDependency;
			target = C78571ED2AAFBEE9001591D8 /* pokedex */;
			targetProxy = C78572082AAFBEEA001591D8 /* PBXContainerItemProxy */;
		};
		C78572132AAFBEEA001591D8 /* PBXTargetDependency */ = {
			isa = PBXTargetDependency;
			target = C78571ED2AAFBEE9001591D8 /* pokedex */;
			targetProxy = C78572122AAFBEEA001591D8 /* PBXContainerItemProxy */;
		};
/* End PBXTargetDependency section */

/* Begin PBXVariantGroup section */
		C78571FF2AAFBEEA001591D8 /* LaunchScreen.storyboard */ = {
			isa = PBXVariantGroup;
			children = (
				C78572002AAFBEEA001591D8 /* Base */,
			);
			name = LaunchScreen.storyboard;
			sourceTree = "<group>";
		};
/* End PBXVariantGroup section */

/* Begin XCBuildConfiguration section */
		C78572192AAFBEEA001591D8 /* Debug */ = {
			isa = XCBuildConfiguration;
			buildSettings = {
				ALWAYS_SEARCH_USER_PATHS = NO;
				CLANG_ANALYZER_NONNULL = YES;
				CLANG_ANALYZER_NUMBER_OBJECT_CONVERSION = YES_AGGRESSIVE;
				CLANG_CXX_LANGUAGE_STANDARD = "gnu++20";
				CLANG_ENABLE_MODULES = YES;
				CLANG_ENABLE_OBJC_ARC = YES;
				CLANG_ENABLE_OBJC_WEAK = YES;
				CLANG_WARN_BLOCK_CAPTURE_AUTORELEASING = YES;
				CLANG_WARN_BOOL_CONVERSION = YES;
				CLANG_WARN_COMMA = YES;
				CLANG_WARN_CONSTANT_CONVERSION = YES;
				CLANG_WARN_DEPRECATED_OBJC_IMPLEMENTATIONS = YES;
				CLANG_WARN_DIRECT_OBJC_ISA_USAGE = YES_ERROR;
				CLANG_WARN_DOCUMENTATION_COMMENTS = YES;
				CLANG_WARN_EMPTY_BODY = YES;
				CLANG_WARN_ENUM_CONVERSION = YES;
				CLANG_WARN_INFINITE_RECURSION = YES;
				CLANG_WARN_INT_CONVERSION = YES;
				CLANG_WARN_NON_LITERAL_NULL_CONVERSION = YES;
				CLANG_WARN_OBJC_IMPLICIT_RETAIN_SELF = YES;
				CLANG_WARN_OBJC_LITERAL_CONVERSION = YES;
				CLANG_WARN_OBJC_ROOT_CLASS = YES_ERROR;
				CLANG_WARN_QUOTED_INCLUDE_IN_FRAMEWORK_HEADER = YES;
				CLANG_WARN_RANGE_LOOP_ANALYSIS = YES;
				CLANG_WARN_STRICT_PROTOTYPES = YES;
				CLANG_WARN_SUSPICIOUS_MOVE = YES;
				CLANG_WARN_UNGUARDED_AVAILABILITY = YES_AGGRESSIVE;
				CLANG_WARN_UNREACHABLE_CODE = YES;
				CLANG_WARN__DUPLICATE_METHOD_MATCH = YES;
				COPY_PHASE_STRIP = NO;
				DEBUG_INFORMATION_FORMAT = dwarf;
				ENABLE_STRICT_OBJC_MSGSEND = YES;
				ENABLE_TESTABILITY = YES;
				GCC_C_LANGUAGE_STANDARD = gnu11;
				GCC_DYNAMIC_NO_PIC = NO;
				GCC_NO_COMMON_BLOCKS = YES;
				GCC_OPTIMIZATION_LEVEL = 0;
				GCC_PREPROCESSOR_DEFINITIONS = (
					"DEBUG=1",
					"$(inherited)",
				);
				GCC_WARN_64_TO_32_BIT_CONVERSION = YES;
				GCC_WARN_ABOUT_RETURN_TYPE = YES_ERROR;
				GCC_WARN_UNDECLARED_SELECTOR = YES;
				GCC_WARN_UNINITIALIZED_AUTOS = YES_AGGRESSIVE;
				GCC_WARN_UNUSED_FUNCTION = YES;
				GCC_WARN_UNUSED_VARIABLE = YES;
				IPHONEOS_DEPLOYMENT_TARGET = 16.4;
				MTL_ENABLE_DEBUG_INFO = INCLUDE_SOURCE;
				MTL_FAST_MATH = YES;
				ONLY_ACTIVE_ARCH = YES;
				SDKROOT = iphoneos;
				SWIFT_ACTIVE_COMPILATION_CONDITIONS = DEBUG;
				SWIFT_OPTIMIZATION_LEVEL = "-Onone";
			};
			name = Debug;
		};
		C785721A2AAFBEEA001591D8 /* Release */ = {
			isa = XCBuildConfiguration;
			buildSettings = {
				ALWAYS_SEARCH_USER_PATHS = NO;
				CLANG_ANALYZER_NONNULL = YES;
				CLANG_ANALYZER_NUMBER_OBJECT_CONVERSION = YES_AGGRESSIVE;
				CLANG_CXX_LANGUAGE_STANDARD = "gnu++20";
				CLANG_ENABLE_MODULES = YES;
				CLANG_ENABLE_OBJC_ARC = YES;
				CLANG_ENABLE_OBJC_WEAK = YES;
				CLANG_WARN_BLOCK_CAPTURE_AUTORELEASING = YES;
				CLANG_WARN_BOOL_CONVERSION = YES;
				CLANG_WARN_COMMA = YES;
				CLANG_WARN_CONSTANT_CONVERSION = YES;
				CLANG_WARN_DEPRECATED_OBJC_IMPLEMENTATIONS = YES;
				CLANG_WARN_DIRECT_OBJC_ISA_USAGE = YES_ERROR;
				CLANG_WARN_DOCUMENTATION_COMMENTS = YES;
				CLANG_WARN_EMPTY_BODY = YES;
				CLANG_WARN_ENUM_CONVERSION = YES;
				CLANG_WARN_INFINITE_RECURSION = YES;
				CLANG_WARN_INT_CONVERSION = YES;
				CLANG_WARN_NON_LITERAL_NULL_CONVERSION = YES;
				CLANG_WARN_OBJC_IMPLICIT_RETAIN_SELF = YES;
				CLANG_WARN_OBJC_LITERAL_CONVERSION = YES;
				CLANG_WARN_OBJC_ROOT_CLASS = YES_ERROR;
				CLANG_WARN_QUOTED_INCLUDE_IN_FRAMEWORK_HEADER = YES;
				CLANG_WARN_RANGE_LOOP_ANALYSIS = YES;
				CLANG_WARN_STRICT_PROTOTYPES = YES;
				CLANG_WARN_SUSPICIOUS_MOVE = YES;
				CLANG_WARN_UNGUARDED_AVAILABILITY = YES_AGGRESSIVE;
				CLANG_WARN_UNREACHABLE_CODE = YES;
				CLANG_WARN__DUPLICATE_METHOD_MATCH = YES;
				COPY_PHASE_STRIP = NO;
				DEBUG_INFORMATION_FORMAT = "dwarf-with-dsym";
				ENABLE_NS_ASSERTIONS = NO;
				ENABLE_STRICT_OBJC_MSGSEND = YES;
				GCC_C_LANGUAGE_STANDARD = gnu11;
				GCC_NO_COMMON_BLOCKS = YES;
				GCC_WARN_64_TO_32_BIT_CONVERSION = YES;
				GCC_WARN_ABOUT_RETURN_TYPE = YES_ERROR;
				GCC_WARN_UNDECLARED_SELECTOR = YES;
				GCC_WARN_UNINITIALIZED_AUTOS = YES_AGGRESSIVE;
				GCC_WARN_UNUSED_FUNCTION = YES;
				GCC_WARN_UNUSED_VARIABLE = YES;
				IPHONEOS_DEPLOYMENT_TARGET = 16.4;
				MTL_ENABLE_DEBUG_INFO = NO;
				MTL_FAST_MATH = YES;
				SDKROOT = iphoneos;
				SWIFT_COMPILATION_MODE = wholemodule;
				SWIFT_OPTIMIZATION_LEVEL = "-O";
				VALIDATE_PRODUCT = YES;
			};
			name = Release;
		};
		C785721C2AAFBEEA001591D8 /* Debug */ = {
			isa = XCBuildConfiguration;
			buildSettings = {
				ASSETCATALOG_COMPILER_APPICON_NAME = AppIcon;
				ASSETCATALOG_COMPILER_GLOBAL_ACCENT_COLOR_NAME = AccentColor;
				CODE_SIGN_STYLE = Automatic;
				CURRENT_PROJECT_VERSION = 1;
				DEVELOPMENT_TEAM = 746W9626K4;
				GENERATE_INFOPLIST_FILE = YES;
				INFOPLIST_FILE = pokedex/Info.plist;
				INFOPLIST_KEY_UIApplicationSupportsIndirectInputEvents = YES;
				INFOPLIST_KEY_UILaunchStoryboardName = LaunchScreen;
				INFOPLIST_KEY_UISupportedInterfaceOrientations_iPad = "UIInterfaceOrientationPortrait UIInterfaceOrientationPortraitUpsideDown UIInterfaceOrientationLandscapeLeft UIInterfaceOrientationLandscapeRight";
				INFOPLIST_KEY_UISupportedInterfaceOrientations_iPhone = "UIInterfaceOrientationPortrait UIInterfaceOrientationLandscapeLeft UIInterfaceOrientationLandscapeRight";
				LD_RUNPATH_SEARCH_PATHS = (
					"$(inherited)",
					"@executable_path/Frameworks",
				);
				MARKETING_VERSION = 1.0;
				PRODUCT_BUNDLE_IDENTIFIER = FrankAguilar.pokedex;
				PRODUCT_NAME = "$(TARGET_NAME)";
				SWIFT_EMIT_LOC_STRINGS = YES;
				SWIFT_VERSION = 5.0;
				TARGETED_DEVICE_FAMILY = "1,2";
			};
			name = Debug;
		};
		C785721D2AAFBEEA001591D8 /* Release */ = {
			isa = XCBuildConfiguration;
			buildSettings = {
				ASSETCATALOG_COMPILER_APPICON_NAME = AppIcon;
				ASSETCATALOG_COMPILER_GLOBAL_ACCENT_COLOR_NAME = AccentColor;
				CODE_SIGN_STYLE = Automatic;
				CURRENT_PROJECT_VERSION = 1;
				DEVELOPMENT_TEAM = 746W9626K4;
				GENERATE_INFOPLIST_FILE = YES;
				INFOPLIST_FILE = pokedex/Info.plist;
				INFOPLIST_KEY_UIApplicationSupportsIndirectInputEvents = YES;
				INFOPLIST_KEY_UILaunchStoryboardName = LaunchScreen;
				INFOPLIST_KEY_UISupportedInterfaceOrientations_iPad = "UIInterfaceOrientationPortrait UIInterfaceOrientationPortraitUpsideDown UIInterfaceOrientationLandscapeLeft UIInterfaceOrientationLandscapeRight";
				INFOPLIST_KEY_UISupportedInterfaceOrientations_iPhone = "UIInterfaceOrientationPortrait UIInterfaceOrientationLandscapeLeft UIInterfaceOrientationLandscapeRight";
				LD_RUNPATH_SEARCH_PATHS = (
					"$(inherited)",
					"@executable_path/Frameworks",
				);
				MARKETING_VERSION = 1.0;
				PRODUCT_BUNDLE_IDENTIFIER = FrankAguilar.pokedex;
				PRODUCT_NAME = "$(TARGET_NAME)";
				SWIFT_EMIT_LOC_STRINGS = YES;
				SWIFT_VERSION = 5.0;
				TARGETED_DEVICE_FAMILY = "1,2";
			};
			name = Release;
		};
		C785721F2AAFBEEA001591D8 /* Debug */ = {
			isa = XCBuildConfiguration;
			buildSettings = {
				ALWAYS_EMBED_SWIFT_STANDARD_LIBRARIES = YES;
				BUNDLE_LOADER = "$(TEST_HOST)";
				CODE_SIGN_STYLE = Automatic;
				CURRENT_PROJECT_VERSION = 1;
				DEVELOPMENT_TEAM = 746W9626K4;
				GENERATE_INFOPLIST_FILE = YES;
				IPHONEOS_DEPLOYMENT_TARGET = 16.4;
				MARKETING_VERSION = 1.0;
				PRODUCT_BUNDLE_IDENTIFIER = FrankAguilar.pokedexTests;
				PRODUCT_NAME = "$(TARGET_NAME)";
				SWIFT_EMIT_LOC_STRINGS = NO;
				SWIFT_VERSION = 5.0;
				TARGETED_DEVICE_FAMILY = "1,2";
				TEST_HOST = "$(BUILT_PRODUCTS_DIR)/pokedex.app/$(BUNDLE_EXECUTABLE_FOLDER_PATH)/pokedex";
			};
			name = Debug;
		};
		C78572202AAFBEEA001591D8 /* Release */ = {
			isa = XCBuildConfiguration;
			buildSettings = {
				ALWAYS_EMBED_SWIFT_STANDARD_LIBRARIES = YES;
				BUNDLE_LOADER = "$(TEST_HOST)";
				CODE_SIGN_STYLE = Automatic;
				CURRENT_PROJECT_VERSION = 1;
				DEVELOPMENT_TEAM = 746W9626K4;
				GENERATE_INFOPLIST_FILE = YES;
				IPHONEOS_DEPLOYMENT_TARGET = 16.4;
				MARKETING_VERSION = 1.0;
				PRODUCT_BUNDLE_IDENTIFIER = FrankAguilar.pokedexTests;
				PRODUCT_NAME = "$(TARGET_NAME)";
				SWIFT_EMIT_LOC_STRINGS = NO;
				SWIFT_VERSION = 5.0;
				TARGETED_DEVICE_FAMILY = "1,2";
				TEST_HOST = "$(BUILT_PRODUCTS_DIR)/pokedex.app/$(BUNDLE_EXECUTABLE_FOLDER_PATH)/pokedex";
			};
			name = Release;
		};
		C78572222AAFBEEA001591D8 /* Debug */ = {
			isa = XCBuildConfiguration;
			buildSettings = {
				ALWAYS_EMBED_SWIFT_STANDARD_LIBRARIES = YES;
				CODE_SIGN_STYLE = Automatic;
				CURRENT_PROJECT_VERSION = 1;
				DEVELOPMENT_TEAM = 746W9626K4;
				GENERATE_INFOPLIST_FILE = YES;
				MARKETING_VERSION = 1.0;
				PRODUCT_BUNDLE_IDENTIFIER = FrankAguilar.pokedexUITests;
				PRODUCT_NAME = "$(TARGET_NAME)";
				SWIFT_EMIT_LOC_STRINGS = NO;
				SWIFT_VERSION = 5.0;
				TARGETED_DEVICE_FAMILY = "1,2";
				TEST_TARGET_NAME = pokedex;
			};
			name = Debug;
		};
		C78572232AAFBEEA001591D8 /* Release */ = {
			isa = XCBuildConfiguration;
			buildSettings = {
				ALWAYS_EMBED_SWIFT_STANDARD_LIBRARIES = YES;
				CODE_SIGN_STYLE = Automatic;
				CURRENT_PROJECT_VERSION = 1;
				DEVELOPMENT_TEAM = 746W9626K4;
				GENERATE_INFOPLIST_FILE = YES;
				MARKETING_VERSION = 1.0;
				PRODUCT_BUNDLE_IDENTIFIER = FrankAguilar.pokedexUITests;
				PRODUCT_NAME = "$(TARGET_NAME)";
				SWIFT_EMIT_LOC_STRINGS = NO;
				SWIFT_VERSION = 5.0;
				TARGETED_DEVICE_FAMILY = "1,2";
				TEST_TARGET_NAME = pokedex;
			};
			name = Release;
		};
/* End XCBuildConfiguration section */

/* Begin XCConfigurationList section */
		C78571E92AAFBEE9001591D8 /* Build configuration list for PBXProject "pokedex" */ = {
			isa = XCConfigurationList;
			buildConfigurations = (
				C78572192AAFBEEA001591D8 /* Debug */,
				C785721A2AAFBEEA001591D8 /* Release */,
			);
			defaultConfigurationIsVisible = 0;
			defaultConfigurationName = Release;
		};
		C785721B2AAFBEEA001591D8 /* Build configuration list for PBXNativeTarget "pokedex" */ = {
			isa = XCConfigurationList;
			buildConfigurations = (
				C785721C2AAFBEEA001591D8 /* Debug */,
				C785721D2AAFBEEA001591D8 /* Release */,
			);
			defaultConfigurationIsVisible = 0;
			defaultConfigurationName = Release;
		};
		C785721E2AAFBEEA001591D8 /* Build configuration list for PBXNativeTarget "pokedexTests" */ = {
			isa = XCConfigurationList;
			buildConfigurations = (
				C785721F2AAFBEEA001591D8 /* Debug */,
				C78572202AAFBEEA001591D8 /* Release */,
			);
			defaultConfigurationIsVisible = 0;
			defaultConfigurationName = Release;
		};
		C78572212AAFBEEA001591D8 /* Build configuration list for PBXNativeTarget "pokedexUITests" */ = {
			isa = XCConfigurationList;
			buildConfigurations = (
				C78572222AAFBEEA001591D8 /* Debug */,
				C78572232AAFBEEA001591D8 /* Release */,
			);
			defaultConfigurationIsVisible = 0;
			defaultConfigurationName = Release;
		};
/* End XCConfigurationList section */

/* Begin XCVersionGroup section */
		C78571FA2AAFBEE9001591D8 /* pokedex.xcdatamodeld */ = {
			isa = XCVersionGroup;
			children = (
				C78571FB2AAFBEE9001591D8 /* pokedex.xcdatamodel */,
			);
			currentVersion = C78571FB2AAFBEE9001591D8 /* pokedex.xcdatamodel */;
			path = pokedex.xcdatamodeld;
			sourceTree = "<group>";
			versionGroupType = wrapper.xcdatamodel;
		};
/* End XCVersionGroup section */
	};
	rootObject = C78571E62AAFBEE9001591D8 /* Project object */;
}
